// !$*UTF8*$!
{
	archiveVersion = 1;
	classes = {
	};
	objectVersion = 46;
	objects = {

/* Begin PBXBuildFile section */
		182710FE1834B79A00FBD6EA /* UIKit.framework in Frameworks */ = {isa = PBXBuildFile; fileRef = 182710FD1834B79A00FBD6EA /* UIKit.framework */; };
		182711001834B79A00FBD6EA /* Foundation.framework in Frameworks */ = {isa = PBXBuildFile; fileRef = 182710FF1834B79A00FBD6EA /* Foundation.framework */; };
		182711021834B79A00FBD6EA /* CoreGraphics.framework in Frameworks */ = {isa = PBXBuildFile; fileRef = 182711011834B79A00FBD6EA /* CoreGraphics.framework */; };
		182711081834B79A00FBD6EA /* InfoPlist.strings in Resources */ = {isa = PBXBuildFile; fileRef = 182711061834B79A00FBD6EA /* InfoPlist.strings */; };
		1827110A1834B79A00FBD6EA /* main.m in Sources */ = {isa = PBXBuildFile; fileRef = 182711091834B79A00FBD6EA /* main.m */; };
		1827110E1834B79A00FBD6EA /* AppDelegate.m in Sources */ = {isa = PBXBuildFile; fileRef = 1827110D1834B79A00FBD6EA /* AppDelegate.m */; };
		182711101834B79A00FBD6EA /* Default.png in Resources */ = {isa = PBXBuildFile; fileRef = 1827110F1834B79A00FBD6EA /* Default.png */; };
		182711121834B79A00FBD6EA /* Default@2x.png in Resources */ = {isa = PBXBuildFile; fileRef = 182711111834B79A00FBD6EA /* Default@2x.png */; };
		182711141834B79A00FBD6EA /* Default-568h@2x.png in Resources */ = {isa = PBXBuildFile; fileRef = 182711131834B79A00FBD6EA /* Default-568h@2x.png */; };
/* End PBXBuildFile section */

/* Begin PBXFileReference section */
		182710F91834B79A00FBD6EA /* RoomDesign.app */ = {isa = PBXFileReference; explicitFileType = wrapper.application; includeInIndex = 0; path = RoomDesign.app; sourceTree = BUILT_PRODUCTS_DIR; };
		182710FD1834B79A00FBD6EA /* UIKit.framework */ = {isa = PBXFileReference; lastKnownFileType = wrapper.framework; name = UIKit.framework; path = System/Library/Frameworks/UIKit.framework; sourceTree = SDKROOT; };
		182710FF1834B79A00FBD6EA /* Foundation.framework */ = {isa = PBXFileReference; lastKnownFileType = wrapper.framework; name = Foundation.framework; path = System/Library/Frameworks/Foundation.framework; sourceTree = SDKROOT; };
		182711011834B79A00FBD6EA /* CoreGraphics.framework */ = {isa = PBXFileReference; lastKnownFileType = wrapper.framework; name = CoreGraphics.framework; path = System/Library/Frameworks/CoreGraphics.framework; sourceTree = SDKROOT; };
		182711051834B79A00FBD6EA /* RoomDesign-Info.plist */ = {isa = PBXFileReference; lastKnownFileType = text.plist.xml; path = "RoomDesign-Info.plist"; sourceTree = "<group>"; };
		182711071834B79A00FBD6EA /* en */ = {isa = PBXFileReference; lastKnownFileType = text.plist.strings; name = en; path = en.lproj/InfoPlist.strings; sourceTree = "<group>"; };
		182711091834B79A00FBD6EA /* main.m */ = {isa = PBXFileReference; lastKnownFileType = sourcecode.c.objc; path = main.m; sourceTree = "<group>"; };
		1827110B1834B79A00FBD6EA /* RoomDesign-Prefix.pch */ = {isa = PBXFileReference; lastKnownFileType = sourcecode.c.h; path = "RoomDesign-Prefix.pch"; sourceTree = "<group>"; };
		1827110C1834B79A00FBD6EA /* AppDelegate.h */ = {isa = PBXFileReference; lastKnownFileType = sourcecode.c.h; path = AppDelegate.h; sourceTree = "<group>"; };
		1827110D1834B79A00FBD6EA /* AppDelegate.m */ = {isa = PBXFileReference; lastKnownFileType = sourcecode.c.objc; path = AppDelegate.m; sourceTree = "<group>"; };
		1827110F1834B79A00FBD6EA /* Default.png */ = {isa = PBXFileReference; lastKnownFileType = image.png; path = Default.png; sourceTree = "<group>"; };
		182711111834B79A00FBD6EA /* Default@2x.png */ = {isa = PBXFileReference; lastKnownFileType = image.png; path = "Default@2x.png"; sourceTree = "<group>"; };
		182711131834B79A00FBD6EA /* Default-568h@2x.png */ = {isa = PBXFileReference; lastKnownFileType = image.png; path = "Default-568h@2x.png"; sourceTree = "<group>"; };
/* End PBXFileReference section */

/* Begin PBXFrameworksBuildPhase section */
		182710F61834B79A00FBD6EA /* Frameworks */ = {
			isa = PBXFrameworksBuildPhase;
			buildActionMask = 2147483647;
			files = (
				182710FE1834B79A00FBD6EA /* UIKit.framework in Frameworks */,
				182711001834B79A00FBD6EA /* Foundation.framework in Frameworks */,
				182711021834B79A00FBD6EA /* CoreGraphics.framework in Frameworks */,
			);
			runOnlyForDeploymentPostprocessing = 0;
		};
/* End PBXFrameworksBuildPhase section */

/* Begin PBXGroup section */
		182710EE1834B79A00FBD6EA = {
			isa = PBXGroup;
			children = (
				182711031834B79A00FBD6EA /* RoomDesign */,
				182710FC1834B79A00FBD6EA /* Frameworks */,
				182710FA1834B79A00FBD6EA /* Products */,
			);
			sourceTree = "<group>";
		};
		182710FA1834B79A00FBD6EA /* Products */ = {
			isa = PBXGroup;
			children = (
				182710F91834B79A00FBD6EA /* RoomDesign.app */,
			);
			name = Products;
			sourceTree = "<group>";
		};
		182710FC1834B79A00FBD6EA /* Frameworks */ = {
			isa = PBXGroup;
			children = (
				182710FD1834B79A00FBD6EA /* UIKit.framework */,
				182710FF1834B79A00FBD6EA /* Foundation.framework */,
				182711011834B79A00FBD6EA /* CoreGraphics.framework */,
			);
			name = Frameworks;
			sourceTree = "<group>";
		};
		182711031834B79A00FBD6EA /* RoomDesign */ = {
			isa = PBXGroup;
			children = (
				1827110C1834B79A00FBD6EA /* AppDelegate.h */,
				1827110D1834B79A00FBD6EA /* AppDelegate.m */,
				182711041834B79A00FBD6EA /* Supporting Files */,
			);
			path = RoomDesign;
			sourceTree = "<group>";
		};
		182711041834B79A00FBD6EA /* Supporting Files */ = {
			isa = PBXGroup;
			children = (
				182711051834B79A00FBD6EA /* RoomDesign-Info.plist */,
				182711061834B79A00FBD6EA /* InfoPlist.strings */,
				182711091834B79A00FBD6EA /* main.m */,
				1827110B1834B79A00FBD6EA /* RoomDesign-Prefix.pch */,
				1827110F1834B79A00FBD6EA /* Default.png */,
				182711111834B79A00FBD6EA /* Default@2x.png */,
				182711131834B79A00FBD6EA /* Default-568h@2x.png */,
			);
			name = "Supporting Files";
			sourceTree = "<group>";
		};
/* End PBXGroup section */

/* Begin PBXNativeTarget section */
		182710F81834B79A00FBD6EA /* RoomDesign */ = {
			isa = PBXNativeTarget;
			buildConfigurationList = 182711171834B79A00FBD6EA /* Build configuration list for PBXNativeTarget "RoomDesign" */;
			buildPhases = (
				182710F51834B79A00FBD6EA /* Sources */,
				182710F61834B79A00FBD6EA /* Frameworks */,
				182710F71834B79A00FBD6EA /* Resources */,
			);
			buildRules = (
			);
			dependencies = (
			);
			name = RoomDesign;
			productName = RoomDesign;
			productReference = 182710F91834B79A00FBD6EA /* RoomDesign.app */;
			productType = "com.apple.product-type.application";
		};
/* End PBXNativeTarget section */

/* Begin PBXProject section */
		182710F01834B79A00FBD6EA /* Project object */ = {
			isa = PBXProject;
			attributes = {
				LastUpgradeCheck = 0450;
				ORGANIZATIONNAME = apple;
			};
			buildConfigurationList = 182710F31834B79A00FBD6EA /* Build configuration list for PBXProject "RoomDesign" */;
			compatibilityVersion = "Xcode 3.2";
			developmentRegion = English;
			hasScannedForEncodings = 0;
			knownRegions = (
				en,
			);
			mainGroup = 182710EE1834B79A00FBD6EA;
			productRefGroup = 182710FA1834B79A00FBD6EA /* Products */;
			projectDirPath = "";
			projectRoot = "";
			targets = (
				182710F81834B79A00FBD6EA /* RoomDesign */,
			);
		};
/* End PBXProject section */

/* Begin PBXResourcesBuildPhase section */
		182710F71834B79A00FBD6EA /* Resources */ = {
			isa = PBXResourcesBuildPhase;
			buildActionMask = 2147483647;
			files = (
				182711081834B79A00FBD6EA /* InfoPlist.strings in Resources */,
				182711101834B79A00FBD6EA /* Default.png in Resources */,
				182711121834B79A00FBD6EA /* Default@2x.png in Resources */,
				182711141834B79A00FBD6EA /* Default-568h@2x.png in Resources */,
			);
			runOnlyForDeploymentPostprocessing = 0;
		};
/* End PBXResourcesBuildPhase section */

/* Begin PBXSourcesBuildPhase section */
		182710F51834B79A00FBD6EA /* Sources */ = {
			isa = PBXSourcesBuildPhase;
			buildActionMask = 2147483647;
			files = (
				1827110A1834B79A00FBD6EA /* main.m in Sources */,
				1827110E1834B79A00FBD6EA /* AppDelegate.m in Sources */,
			);
			runOnlyForDeploymentPostprocessing = 0;
		};
/* End PBXSourcesBuildPhase section */

/* Begin PBXVariantGroup section */
		182711061834B79A00FBD6EA /* InfoPlist.strings */ = {
			isa = PBXVariantGroup;
			children = (
				182711071834B79A00FBD6EA /* en */,
			);
			name = InfoPlist.strings;
			sourceTree = "<group>";
		};
/* End PBXVariantGroup section */

/* Begin XCBuildConfiguration section */
		182711151834B79A00FBD6EA /* Debug */ = {
			isa = XCBuildConfiguration;
			buildSettings = {
				ALWAYS_SEARCH_USER_PATHS = NO;
				CLANG_CXX_LANGUAGE_STANDARD = "gnu++0x";
				CLANG_CXX_LIBRARY = "libc++";
				CLANG_WARN_EMPTY_BODY = YES;
				CLANG_WARN__DUPLICATE_METHOD_MATCH = YES;
				"CODE_SIGN_IDENTITY[sdk=iphoneos*]" = "iPhone Developer";
				COPY_PHASE_STRIP = NO;
				GCC_C_LANGUAGE_STANDARD = gnu99;
				GCC_DYNAMIC_NO_PIC = NO;
				GCC_OPTIMIZATION_LEVEL = 0;
				GCC_PREPROCESSOR_DEFINITIONS = (
					"DEBUG=1",
					"$(inherited)",
				);
				GCC_SYMBOLS_PRIVATE_EXTERN = NO;
				GCC_WARN_ABOUT_RETURN_TYPE = YES;
				GCC_WARN_UNINITIALIZED_AUTOS = YES;
				GCC_WARN_UNUSED_VARIABLE = YES;
				IPHONEOS_DEPLOYMENT_TARGET = 6.0;
				ONLY_ACTIVE_ARCH = YES;
				SDKROOT = iphoneos;
				TARGETED_DEVICE_FAMILY = 2;
			};
			name = Debug;
		};
		182711161834B79A00FBD6EA /* Release */ = {
			isa = XCBuildConfiguration;
			buildSettings = {
				ALWAYS_SEARCH_USER_PATHS = NO;
				CLANG_CXX_LANGUAGE_STANDARD = "gnu++0x";
				CLANG_CXX_LIBRARY = "libc++";
				CLANG_WARN_EMPTY_BODY = YES;
				CLANG_WARN__DUPLICATE_METHOD_MATCH = YES;
				"CODE_SIGN_IDENTITY[sdk=iphoneos*]" = "iPhone Developer";
				COPY_PHASE_STRIP = YES;
				GCC_C_LANGUAGE_STANDARD = gnu99;
				GCC_WARN_ABOUT_RETURN_TYPE = YES;
				GCC_WARN_UNINITIALIZED_AUTOS = YES;
				GCC_WARN_UNUSED_VARIABLE = YES;
				IPHONEOS_DEPLOYMENT_TARGET = 6.0;
				OTHER_CFLAGS = "-DNS_BLOCK_ASSERTIONS=1";
				SDKROOT = iphoneos;
				TARGETED_DEVICE_FAMILY = 2;
				VALIDATE_PRODUCT = YES;
			};
			name = Release;
		};
		182711181834B79A00FBD6EA /* Debug */ = {
			isa = XCBuildConfiguration;
			buildSettings = {
				GCC_PRECOMPILE_PREFIX_HEADER = YES;
				GCC_PREFIX_HEADER = "RoomDesign/RoomDesign-Prefix.pch";
				INFOPLIST_FILE = "RoomDesign/RoomDesign-Info.plist";
				PRODUCT_NAME = "$(TARGET_NAME)";
				WRAPPER_EXTENSION = app;
			};
			name = Debug;
		};
		182711191834B79A00FBD6EA /* Release */ = {
			isa = XCBuildConfiguration;
			buildSettings = {
				GCC_PRECOMPILE_PREFIX_HEADER = YES;
				GCC_PREFIX_HEADER = "RoomDesign/RoomDesign-Prefix.pch";
				INFOPLIST_FILE = "RoomDesign/RoomDesign-Info.plist";
				PRODUCT_NAME = "$(TARGET_NAME)";
				WRAPPER_EXTENSION = app;
			};
			name = Release;
		};
/* End XCBuildConfiguration section */

/* Begin XCConfigurationList section */
		182710F31834B79A00FBD6EA /* Build configuration list for PBXProject "RoomDesign" */ = {
			isa = XCConfigurationList;
			buildConfigurations = (
				182711151834B79A00FBD6EA /* Debug */,
				182711161834B79A00FBD6EA /* Release */,
			);
			defaultConfigurationIsVisible = 0;
			defaultConfigurationName = Release;
		};
		182711171834B79A00FBD6EA /* Build configuration list for PBXNativeTarget "RoomDesign" */ = {
			isa = XCConfigurationList;
			buildConfigurations = (
				182711181834B79A00FBD6EA /* Debug */,
				182711191834B79A00FBD6EA /* Release */,
			);
			defaultConfigurationIsVisible = 0;
		};
/* End XCConfigurationList section */
	};
	rootObject = 182710F01834B79A00FBD6EA /* Project object */;
}
